// !$*UTF8*$!
{
	archiveVersion = 1;
	classes = {
	};
	objectVersion = 50;
	objects = {

/* Begin PBXBuildFile section */
		DF1796D12082C80300E77234 /* AppDelegate.swift in Sources */ = {isa = PBXBuildFile; fileRef = DF1796D02082C80300E77234 /* AppDelegate.swift */; };
		DF1796D32082C80300E77234 /* ViewController.swift in Sources */ = {isa = PBXBuildFile; fileRef = DF1796D22082C80300E77234 /* ViewController.swift */; };
		DF1796D62082C80300E77234 /* Main.storyboard in Resources */ = {isa = PBXBuildFile; fileRef = DF1796D42082C80300E77234 /* Main.storyboard */; };
		DF1796D82082C80400E77234 /* Assets.xcassets in Resources */ = {isa = PBXBuildFile; fileRef = DF1796D72082C80400E77234 /* Assets.xcassets */; };
		DF1796DB2082C80400E77234 /* LaunchScreen.storyboard in Resources */ = {isa = PBXBuildFile; fileRef = DF1796D92082C80400E77234 /* LaunchScreen.storyboard */; };
		DF1796E42082D22100E77234 /* rain1.mp3 in Resources */ = {isa = PBXBuildFile; fileRef = DF1796E32082D22100E77234 /* rain1.mp3 */; };
		DF1796E72083366800E77234 /* ring.mp3 in Resources */ = {isa = PBXBuildFile; fileRef = DF1796E62083366800E77234 /* ring.mp3 */; };
		DF1796E920833C6200E77234 /* SoundTableViewController.swift in Sources */ = {isa = PBXBuildFile; fileRef = DF1796E820833C6200E77234 /* SoundTableViewController.swift */; };
/* End PBXBuildFile section */

/* Begin PBXFileReference section */
		DF1796CD2082C80300E77234 /* NaturalSound.app */ = {isa = PBXFileReference; explicitFileType = wrapper.application; includeInIndex = 0; path = NaturalSound.app; sourceTree = BUILT_PRODUCTS_DIR; };
		DF1796D02082C80300E77234 /* AppDelegate.swift */ = {isa = PBXFileReference; lastKnownFileType = sourcecode.swift; path = AppDelegate.swift; sourceTree = "<group>"; };
		DF1796D22082C80300E77234 /* ViewController.swift */ = {isa = PBXFileReference; lastKnownFileType = sourcecode.swift; path = ViewController.swift; sourceTree = "<group>"; };
		DF1796D52082C80300E77234 /* Base */ = {isa = PBXFileReference; lastKnownFileType = file.storyboard; name = Base; path = Base.lproj/Main.storyboard; sourceTree = "<group>"; };
		DF1796D72082C80400E77234 /* Assets.xcassets */ = {isa = PBXFileReference; lastKnownFileType = folder.assetcatalog; path = Assets.xcassets; sourceTree = "<group>"; };
		DF1796DA2082C80400E77234 /* Base */ = {isa = PBXFileReference; lastKnownFileType = file.storyboard; name = Base; path = Base.lproj/LaunchScreen.storyboard; sourceTree = "<group>"; };
		DF1796DC2082C80400E77234 /* Info.plist */ = {isa = PBXFileReference; lastKnownFileType = text.plist.xml; path = Info.plist; sourceTree = "<group>"; };
		DF1796E32082D22100E77234 /* rain1.mp3 */ = {isa = PBXFileReference; lastKnownFileType = audio.mp3; path = rain1.mp3; sourceTree = "<group>"; };
		DF1796E62083366800E77234 /* ring.mp3 */ = {isa = PBXFileReference; lastKnownFileType = audio.mp3; path = ring.mp3; sourceTree = "<group>"; };
		DF1796E820833C6200E77234 /* SoundTableViewController.swift */ = {isa = PBXFileReference; lastKnownFileType = sourcecode.swift; path = SoundTableViewController.swift; sourceTree = "<group>"; };
/* End PBXFileReference section */

/* Begin PBXFrameworksBuildPhase section */
		DF1796CA2082C80300E77234 /* Frameworks */ = {
			isa = PBXFrameworksBuildPhase;
			buildActionMask = 2147483647;
			files = (
			);
			runOnlyForDeploymentPostprocessing = 0;
		};
/* End PBXFrameworksBuildPhase section */

/* Begin PBXGroup section */
		DF1796C42082C80300E77234 = {
			isa = PBXGroup;
			children = (
				DF1796CF2082C80300E77234 /* NaturalSound */,
				DF1796CE2082C80300E77234 /* Products */,
			);
			sourceTree = "<group>";
		};
		DF1796CE2082C80300E77234 /* Products */ = {
			isa = PBXGroup;
			children = (
				DF1796CD2082C80300E77234 /* NaturalSound.app */,
			);
			name = Products;
			sourceTree = "<group>";
		};
		DF1796CF2082C80300E77234 /* NaturalSound */ = {
			isa = PBXGroup;
			children = (
				DF1796E52082DB9900E77234 /* Model */,
				DF1796E22082D20F00E77234 /* resource */,
				DF1796D02082C80300E77234 /* AppDelegate.swift */,
				DF1796D22082C80300E77234 /* ViewController.swift */,
				DF1796D42082C80300E77234 /* Main.storyboard */,
				DF1796D72082C80400E77234 /* Assets.xcassets */,
				DF1796D92082C80400E77234 /* LaunchScreen.storyboard */,
				DF1796DC2082C80400E77234 /* Info.plist */,
				DF1796E820833C6200E77234 /* SoundTableViewController.swift */,
			);
			path = NaturalSound;
			sourceTree = "<group>";
		};
		DF1796E22082D20F00E77234 /* resource */ = {
			isa = PBXGroup;
			children = (
				DF1796E62083366800E77234 /* ring.mp3 */,
				DF1796E32082D22100E77234 /* rain1.mp3 */,
			);
			path = resource;
			sourceTree = "<group>";
		};
		DF1796E52082DB9900E77234 /* Model */ = {
			isa = PBXGroup;
			children = (
			);
			path = Model;
			sourceTree = "<group>";
		};
/* End PBXGroup section */

/* Begin PBXNativeTarget section */
		DF1796CC2082C80300E77234 /* NaturalSound */ = {
			isa = PBXNativeTarget;
			buildConfigurationList = DF1796DF2082C80400E77234 /* Build configuration list for PBXNativeTarget "NaturalSound" */;
			buildPhases = (
				DF1796C92082C80300E77234 /* Sources */,
				DF1796CA2082C80300E77234 /* Frameworks */,
				DF1796CB2082C80300E77234 /* Resources */,
			);
			buildRules = (
			);
			dependencies = (
			);
			name = NaturalSound;
			productName = NaturalSound;
			productReference = DF1796CD2082C80300E77234 /* NaturalSound.app */;
			productType = "com.apple.product-type.application";
		};
/* End PBXNativeTarget section */

/* Begin PBXProject section */
		DF1796C52082C80300E77234 /* Project object */ = {
			isa = PBXProject;
			attributes = {
				LastSwiftUpdateCheck = 0930;
				LastUpgradeCheck = 0930;
				ORGANIZATIONNAME = com.adrainxue;
				TargetAttributes = {
					DF1796CC2082C80300E77234 = {
						CreatedOnToolsVersion = 9.3;
					};
				};
			};
			buildConfigurationList = DF1796C82082C80300E77234 /* Build configuration list for PBXProject "NaturalSound" */;
			compatibilityVersion = "Xcode 9.3";
			developmentRegion = en;
			hasScannedForEncodings = 0;
			knownRegions = (
				en,
				Base,
			);
			mainGroup = DF1796C42082C80300E77234;
			productRefGroup = DF1796CE2082C80300E77234 /* Products */;
			projectDirPath = "";
			projectRoot = "";
			targets = (
				DF1796CC2082C80300E77234 /* NaturalSound */,
			);
		};
/* End PBXProject section */

/* Begin PBXResourcesBuildPhase section */
		DF1796CB2082C80300E77234 /* Resources */ = {
			isa = PBXResourcesBuildPhase;
			buildActionMask = 2147483647;
			files = (
				DF1796DB2082C80400E77234 /* LaunchScreen.storyboard in Resources */,
				DF1796D82082C80400E77234 /* Assets.xcassets in Resources */,
				DF1796E42082D22100E77234 /* rain1.mp3 in Resources */,
				DF1796D62082C80300E77234 /* Main.storyboard in Resources */,
				DF1796E72083366800E77234 /* ring.mp3 in Resources */,
			);
			runOnlyForDeploymentPostprocessing = 0;
		};
/* End PBXResourcesBuildPhase section */

/* Begin PBXSourcesBuildPhase section */
		DF1796C92082C80300E77234 /* Sources */ = {
			isa = PBXSourcesBuildPhase;
			buildActionMask = 2147483647;
			files = (
				DF1796D32082C80300E77234 /* ViewController.swift in Sources */,
				DF1796D12082C80300E77234 /* AppDelegate.swift in Sources */,
				DF1796E920833C6200E77234 /* SoundTableViewController.swift in Sources */,
			);
			runOnlyForDeploymentPostprocessing = 0;
		};
/* End PBXSourcesBuildPhase section */

/* Begin PBXVariantGroup section */
		DF1796D42082C80300E77234 /* Main.storyboard */ = {
			isa = PBXVariantGroup;
			children = (
				DF1796D52082C80300E77234 /* Base */,
			);
			name = Main.storyboard;
			sourceTree = "<group>";
		};
		DF1796D92082C80400E77234 /* LaunchScreen.storyboard */ = {
			isa = PBXVariantGroup;
			children = (
				DF1796DA2082C80400E77234 /* Base */,
			);
			name = LaunchScreen.storyboard;
			sourceTree = "<group>";
		};
/* End PBXVariantGroup section */

/* Begin XCBuildConfiguration section */
		DF1796DD2082C80400E77234 /* Debug */ = {
			isa = XCBuildConfiguration;
			buildSettings = {
				ALWAYS_SEARCH_USER_PATHS = NO;
				CLANG_ANALYZER_NONNULL = YES;
				CLANG_ANALYZER_NUMBER_OBJECT_CONVERSION = YES_AGGRESSIVE;
				CLANG_CXX_LANGUAGE_STANDARD = "gnu++14";
				CLANG_CXX_LIBRARY = "libc++";
				CLANG_ENABLE_MODULES = YES;
				CLANG_ENABLE_OBJC_ARC = YES;
				CLANG_ENABLE_OBJC_WEAK = YES;
				CLANG_WARN_BLOCK_CAPTURE_AUTORELEASING = YES;
				CLANG_WARN_BOOL_CONVERSION = YES;
				CLANG_WARN_COMMA = YES;
				CLANG_WARN_CONSTANT_CONVERSION = YES;
				CLANG_WARN_DEPRECATED_OBJC_IMPLEMENTATIONS = YES;
				CLANG_WARN_DIRECT_OBJC_ISA_USAGE = YES_ERROR;
				CLANG_WARN_DOCUMENTATION_COMMENTS = YES;
				CLANG_WARN_EMPTY_BODY = YES;
				CLANG_WARN_ENUM_CONVERSION = YES;
				CLANG_WARN_INFINITE_RECURSION = YES;
				CLANG_WARN_INT_CONVERSION = YES;
				CLANG_WARN_NON_LITERAL_NULL_CONVERSION = YES;
				CLANG_WARN_OBJC_IMPLICIT_RETAIN_SELF = YES;
				CLANG_WARN_OBJC_LITERAL_CONVERSION = YES;
				CLANG_WARN_OBJC_ROOT_CLASS = YES_ERROR;
				CLANG_WARN_RANGE_LOOP_ANALYSIS = YES;
				CLANG_WARN_STRICT_PROTOTYPES = YES;
				CLANG_WARN_SUSPICIOUS_MOVE = YES;
				CLANG_WARN_UNGUARDED_AVAILABILITY = YES_AGGRESSIVE;
				CLANG_WARN_UNREACHABLE_CODE = YES;
				CLANG_WARN__DUPLICATE_METHOD_MATCH = YES;
				CODE_SIGN_IDENTITY = "iPhone Developer";
				COPY_PHASE_STRIP = NO;
				DEBUG_INFORMATION_FORMAT = dwarf;
				ENABLE_STRICT_OBJC_MSGSEND = YES;
				ENABLE_TESTABILITY = YES;
				GCC_C_LANGUAGE_STANDARD = gnu11;
				GCC_DYNAMIC_NO_PIC = NO;
				GCC_NO_COMMON_BLOCKS = YES;
				GCC_OPTIMIZATION_LEVEL = 0;
				GCC_PREPROCESSOR_DEFINITIONS = (
					"DEBUG=1",
					"$(inherited)",
				);
				GCC_WARN_64_TO_32_BIT_CONVERSION = YES;
				GCC_WARN_ABOUT_RETURN_TYPE = YES_ERROR;
				GCC_WARN_UNDECLARED_SELECTOR = YES;
				GCC_WARN_UNINITIALIZED_AUTOS = YES_AGGRESSIVE;
				GCC_WARN_UNUSED_FUNCTION = YES;
				GCC_WARN_UNUSED_VARIABLE = YES;
				IPHONEOS_DEPLOYMENT_TARGET = 11.3;
				MTL_ENABLE_DEBUG_INFO = YES;
				ONLY_ACTIVE_ARCH = YES;
				SDKROOT = iphoneos;
				SWIFT_ACTIVE_COMPILATION_CONDITIONS = DEBUG;
				SWIFT_OPTIMIZATION_LEVEL = "-Onone";
			};
			name = Debug;
		};
		DF1796DE2082C80400E77234 /* Release */ = {
			isa = XCBuildConfiguration;
			buildSettings = {
				ALWAYS_SEARCH_USER_PATHS = NO;
				CLANG_ANALYZER_NONNULL = YES;
				CLANG_ANALYZER_NUMBER_OBJECT_CONVERSION = YES_AGGRESSIVE;
				CLANG_CXX_LANGUAGE_STANDARD = "gnu++14";
				CLANG_CXX_LIBRARY = "libc++";
				CLANG_ENABLE_MODULES = YES;
				CLANG_ENABLE_OBJC_ARC = YES;
				CLANG_ENABLE_OBJC_WEAK = YES;
				CLANG_WARN_BLOCK_CAPTURE_AUTORELEASING = YES;
				CLANG_WARN_BOOL_CONVERSION = YES;
				CLANG_WARN_COMMA = YES;
				CLANG_WARN_CONSTANT_CONVERSION = YES;
				CLANG_WARN_DEPRECATED_OBJC_IMPLEMENTATIONS = YES;
				CLANG_WARN_DIRECT_OBJC_ISA_USAGE = YES_ERROR;
				CLANG_WARN_DOCUMENTATION_COMMENTS = YES;
				CLANG_WARN_EMPTY_BODY = YES;
				CLANG_WARN_ENUM_CONVERSION = YES;
				CLANG_WARN_INFINITE_RECURSION = YES;
				CLANG_WARN_INT_CONVERSION = YES;
				CLANG_WARN_NON_LITERAL_NULL_CONVERSION = YES;
				CLANG_WARN_OBJC_IMPLICIT_RETAIN_SELF = YES;
				CLANG_WARN_OBJC_LITERAL_CONVERSION = YES;
				CLANG_WARN_OBJC_ROOT_CLASS = YES_ERROR;
				CLANG_WARN_RANGE_LOOP_ANALYSIS = YES;
				CLANG_WARN_STRICT_PROTOTYPES = YES;
				CLANG_WARN_SUSPICIOUS_MOVE = YES;
				CLANG_WARN_UNGUARDED_AVAILABILITY = YES_AGGRESSIVE;
				CLANG_WARN_UNREACHABLE_CODE = YES;
				CLANG_WARN__DUPLICATE_METHOD_MATCH = YES;
				CODE_SIGN_IDENTITY = "iPhone Developer";
				COPY_PHASE_STRIP = NO;
				DEBUG_INFORMATION_FORMAT = "dwarf-with-dsym";
				ENABLE_NS_ASSERTIONS = NO;
				ENABLE_STRICT_OBJC_MSGSEND = YES;
				GCC_C_LANGUAGE_STANDARD = gnu11;
				GCC_NO_COMMON_BLOCKS = YES;
				GCC_WARN_64_TO_32_BIT_CONVERSION = YES;
				GCC_WARN_ABOUT_RETURN_TYPE = YES_ERROR;
				GCC_WARN_UNDECLARED_SELECTOR = YES;
				GCC_WARN_UNINITIALIZED_AUTOS = YES_AGGRESSIVE;
				GCC_WARN_UNUSED_FUNCTION = YES;
				GCC_WARN_UNUSED_VARIABLE = YES;
				IPHONEOS_DEPLOYMENT_TARGET = 11.3;
				MTL_ENABLE_DEBUG_INFO = NO;
				SDKROOT = iphoneos;
				SWIFT_COMPILATION_MODE = wholemodule;
				SWIFT_OPTIMIZATION_LEVEL = "-O";
				VALIDATE_PRODUCT = YES;
			};
			name = Release;
		};
		DF1796E02082C80400E77234 /* Debug */ = {
			isa = XCBuildConfiguration;
			buildSettings = {
				ASSETCATALOG_COMPILER_APPICON_NAME = AppIcon;
				CODE_SIGN_STYLE = Automatic;
				DEVELOPMENT_TEAM = 7H53V545WL;
				INFOPLIST_FILE = NaturalSound/Info.plist;
				LD_RUNPATH_SEARCH_PATHS = (
					"$(inherited)",
					"@executable_path/Frameworks",
				);
				PRODUCT_BUNDLE_IDENTIFIER = com.adrainxue.NaturalSound;
				PRODUCT_NAME = "$(TARGET_NAME)";
				SWIFT_VERSION = 4.0;
				TARGETED_DEVICE_FAMILY = "1,2";
			};
			name = Debug;
		};
		DF1796E12082C80400E77234 /* Release */ = {
			isa = XCBuildConfiguration;
			buildSettings = {
				ASSETCATALOG_COMPILER_APPICON_NAME = AppIcon;
				CODE_SIGN_STYLE = Automatic;
				DEVELOPMENT_TEAM = 7H53V545WL;
				INFOPLIST_FILE = NaturalSound/Info.plist;
				LD_RUNPATH_SEARCH_PATHS = (
					"$(inherited)",
					"@executable_path/Frameworks",
				);
				PRODUCT_BUNDLE_IDENTIFIER = com.adrainxue.NaturalSound;
				PRODUCT_NAME = "$(TARGET_NAME)";
				SWIFT_VERSION = 4.0;
				TARGETED_DEVICE_FAMILY = "1,2";
			};
			name = Release;
		};
/* End XCBuildConfiguration section */

/* Begin XCConfigurationList section */
		DF1796C82082C80300E77234 /* Build configuration list for PBXProject "NaturalSound" */ = {
			isa = XCConfigurationList;
			buildConfigurations = (
				DF1796DD2082C80400E77234 /* Debug */,
				DF1796DE2082C80400E77234 /* Release */,
			);
			defaultConfigurationIsVisible = 0;
			defaultConfigurationName = Release;
		};
		DF1796DF2082C80400E77234 /* Build configuration list for PBXNativeTarget "NaturalSound" */ = {
			isa = XCConfigurationList;
			buildConfigurations = (
				DF1796E02082C80400E77234 /* Debug */,
				DF1796E12082C80400E77234 /* Release */,
			);
			defaultConfigurationIsVisible = 0;
			defaultConfigurationName = Release;
		};
/* End XCConfigurationList section */
	};
	rootObject = DF1796C52082C80300E77234 /* Project object */;
}
